Microsoft Visual Studio Solution File, Format Version 12.00
# Visual Studio Version 17
VisualStudioVersion = 17.5.2.0
MinimumVisualStudioVersion = 10.0.40219.1
Project("{FAE04EC0-301F-11D3-BF4B-00C04F79EFBC}") = "CariErinc", "CariErinc\CariErinc.csproj", "{CE10A63A-4AC4-C35A-6432-AE0C35276759}"
EndProject
Global
	GlobalSection(SolutionConfigurationPlatforms) = preSolution
		Debug|Any CPU = Debug|Any CPU
		Release|Any CPU = Release|Any CPU
	EndGlobalSection
	GlobalSection(ProjectConfigurationPlatforms) = postSolution
		{CE10A63A-4AC4-C35A-6432-AE0C35276759}.Debug|Any CPU.ActiveCfg = Debug|Any CPU
		{CE10A63A-4AC4-C35A-6432-AE0C35276759}.Debug|Any CPU.Build.0 = Debug|Any CPU
		{CE10A63A-4AC4-C35A-6432-AE0C35276759}.Release|Any CPU.ActiveCfg = Release|Any CPU
		{CE10A63A-4AC4-C35A-6432-AE0C35276759}.Release|Any CPU.Build.0 = Release|Any CPU
	EndGlobalSection
	GlobalSection(SolutionProperties) = preSolution
		HideSolutionNode = FALSE
	EndGlobalSection
	GlobalSection(ExtensibilityGlobals) = postSolution
		SolutionGuid = {829C700D-AC74-43A5-8085-E3BA38A41006}
	EndGlobalSection
EndGlobal
